
Microsoft Visual Studio Solution File, Format Version 12.00
# Visual Studio Version 17
VisualStudioVersion = 17.7.34031.279
MinimumVisualStudioVersion = 10.0.40219.1
Project("{FAE04EC0-301F-11D3-BF4B-00C04F79EFBC}") = "Main", "Main\Main.csproj", "{5607245C-52A4-4C06-AE07-12BB6273396F}"
EndProject
Global
	GlobalSection(SolutionConfigurationPlatforms) = preSolution
		Debug|Any CPU = Debug|Any CPU
		Release|Any CPU = Release|Any CPU
	EndGlobalSection
	GlobalSection(ProjectConfigurationPlatforms) = postSolution
		{5607245C-52A4-4C06-AE07-12BB6273396F}.Debug|Any CPU.ActiveCfg = Debug|Any CPU
		{5607245C-52A4-4C06-AE07-12BB6273396F}.Debug|Any CPU.Build.0 = Debug|Any CPU
		{5607245C-52A4-4C06-AE07-12BB6273396F}.Release|Any CPU.ActiveCfg = Release|Any CPU
		{5607245C-52A4-4C06-AE07-12BB6273396F}.Release|Any CPU.Build.0 = Release|Any CPU
	EndGlobalSection
	GlobalSection(SolutionProperties) = preSolution
		HideSolutionNode = FALSE
	EndGlobalSection
	GlobalSection(ExtensibilityGlobals) = postSolution
		SolutionGuid = {D41E8D88-87CD-4C9A-8420-E158C14D8446}
	EndGlobalSection
EndGlobal
